PODS:
  - CircleProgressView (1.0.10)
  - KosherCocoa (3.0.6)
  - Result (1.0.2)
  - SugarRecord/CoreData (2.2.5):
    - Result (~> 1.0)

DEPENDENCIES:
  - CircleProgressView (from `https://github.com/CardinalNow/iOS-CircleProgressView.git`)
  - KosherCocoa (from `git@github.com:MosheBerman/KosherCocoa.git`, commit `5376523`)
  - SugarRecord/CoreData

EXTERNAL SOURCES:
  CircleProgressView:
    :git: https://github.com/CardinalNow/iOS-CircleProgressView.git
  KosherCocoa:
    :commit: '5376523'
    :git: git@github.com:MosheBerman/KosherCocoa.git

CHECKOUT OPTIONS:
  CircleProgressView:
    :commit: cb2f3707ff3c401184d218f6e335a537d0ba2f13
    :git: https://github.com/CardinalNow/iOS-CircleProgressView.git
  KosherCocoa:
    :commit: '5376523'
    :git: git@github.com:MosheBerman/KosherCocoa.git

SPEC CHECKSUMS:
  CircleProgressView: 5116fc2d3be792d755e6979d7f7309648de79d11
  KosherCocoa: 135cca36db10094abd0f691d4860b48f2e4aa951
  Result: dd3dd71af3fa2e262f1a999e14fba2c25ec14f16
  SugarRecord: ccccf3fd03b8eb2d09e815b144fbd1baf08be82f

PODFILE CHECKSUM: 0f846519d22ede5b8815770a8eb8a8482efd41d4

COCOAPODS: 1.0.0.beta.8
