// !$*UTF8*$!
{
	archiveVersion = 1;
	classes = {
	};
	objectVersion = 46;
	objects = {

/* Begin PBXAggregateTarget section */
		FFE8C172F1AEB1F1839B0422E0F0CDF3 /* Mogenerator */ = {
			isa = PBXAggregateTarget;
			buildConfigurationList = 16C658153715319F15256ACC2CB27304 /* Build configuration list for PBXAggregateTarget "Mogenerator" */;
			buildPhases = (
				3D34DDE88089DC70731E835A32BB9302 /* ShellScript */,
			);
			dependencies = (
			);
			name = Mogenerator;
			productName = Mogenerator;
		};
/* End PBXAggregateTarget section */

/* Begin PBXBuildFile section */
		07B64FBEBC4354E93B4D25C0F6A48A8E /* DorianCLM-Book.ttf in Resources */ = {isa = PBXBuildFile; fileRef = B718137B2565F1C724DB63CB13C5EFC9 /* DorianCLM-Book.ttf */; };
		0922D881921AEDE40A30386EBF0B8EAD /* Assets.xcassets in Resources */ = {isa = PBXBuildFile; fileRef = BACAB6396F58719E2295A7A98F7B824C /* Assets.xcassets */; };
		09F7709B9FE28DD76058ACB5BD776BEF /* DorianCLM-BookItalic.ttf in Resources */ = {isa = PBXBuildFile; fileRef = D03FDA73990FA9B7DD997510A1705104 /* DorianCLM-BookItalic.ttf */; };
		0E2088A63734F804BE33CAE7C995D28E /* AppDelegate.swift in Sources */ = {isa = PBXBuildFile; fileRef = 75F07ACAE8847F4DB1C2EA89C0F141DD /* AppDelegate.swift */; };
		18FFFA4A084381C7DC70ADBF3AE958AC /* SefiraDayWatch.swift in Sources */ = {isa = PBXBuildFile; fileRef = A2822CFC9E2FB5FF305577DA91B8CEB9 /* SefiraDayWatch.swift */; };
		27F28176EF3D81769A76B2CF4190547D /* SettingsTableViewController.swift in Sources */ = {isa = PBXBuildFile; fileRef = 2A0AD3F29526A80369B42678026205CB /* SettingsTableViewController.swift */; };
		2EEC944E9A6BDE6DE6AE01F65EECA71C /* PrayerOptionsTableViewController.swift in Sources */ = {isa = PBXBuildFile; fileRef = 159F9E3AD6A2886D716A69A32D0BE0EE /* PrayerOptionsTableViewController.swift */; };
		3568BCF8DB0A148FB56787EBC8C0CCA8 /* Settings-Watch.bundle in Resources */ = {isa = PBXBuildFile; fileRef = 77A954BCAFD6998FE9844915CF3161F8 /* Settings-Watch.bundle */; };
		35C97FCE01C9F43328074FE0BD30AA22 /* TrackerInterfaceController.swift in Sources */ = {isa = PBXBuildFile; fileRef = 4F8CC64F42345EBE9B0DE14038215B4D /* TrackerInterfaceController.swift */; };
		3FC6F2C9A77866115D5886C09FDEB000 /* ShmulikCLM.ttf in Resources */ = {isa = PBXBuildFile; fileRef = CA6A9974C599B23EF782A843CA68AB04 /* ShmulikCLM.ttf */; };
		41296E18494E113C2EE1CF6480907CE3 /* Pods_Sefirah_WatchKit_App.framework in Frameworks */ = {isa = PBXBuildFile; fileRef = C2B6D1C8CF9B577C678BA25E5A271056 /* Pods_Sefirah_WatchKit_App.framework */; };
		4BAAB0C8EF0BE19BBD9F07271B59C68E /* Settings.swift in Sources */ = {isa = PBXBuildFile; fileRef = 4961115A03C964CB449101A196BD00C0 /* Settings.swift */; };
		4C843CB4DC2D075CF9BEA4B027CD1E5B /* WatchSessionManager.swift in Sources */ = {isa = PBXBuildFile; fileRef = 1965C765D3F1396D399FF20646654B3D /* WatchSessionManager.swift */; };
		519D29333E0E9508BEB53235A65B9B0B /* ShmulikCLM.ttf in Resources */ = {isa = PBXBuildFile; fileRef = CA6A9974C599B23EF782A843CA68AB04 /* ShmulikCLM.ttf */; };
		5437B2D1C32A7891B8BC3D2902FFCC32 /* Model.xcdatamodeld in Sources */ = {isa = PBXBuildFile; fileRef = A8705ECE112416693757F2A9E5E80AFB /* Model.xcdatamodeld */; };
		550565EE88E8B69E9B5018CFB891C080 /* TzeisNotificationTableViewCell.swift in Sources */ = {isa = PBXBuildFile; fileRef = 95596458E98A2C0BB4B51C133DF25FF8 /* TzeisNotificationTableViewCell.swift */; };
		56ADC1776C7290BE4DF3BACD29B2189F /* NotificationCell.xib in Resources */ = {isa = PBXBuildFile; fileRef = E72CCBC1FABC10E1C900A7E1D8ED2E48 /* NotificationCell.xib */; };
		5D7EDEEE51F8E0BCA25FEE9C18C5F988 /* LanguageSettingsInterfaceController.swift in Sources */ = {isa = PBXBuildFile; fileRef = EA1B61A4142E5CFEA5795722B30B89CE /* LanguageSettingsInterfaceController.swift */; };
		65F80F06C3AC790F1C358C2AECECACE6 /* DorianCLM-Book.ttf in Resources */ = {isa = PBXBuildFile; fileRef = B718137B2565F1C724DB63CB13C5EFC9 /* DorianCLM-Book.ttf */; };
		6BDF6FCE3808EA5D6C6D467C7F4DDE75 /* CalendarViewController.swift in Sources */ = {isa = PBXBuildFile; fileRef = 73BBF7893D9A15C4D624342992AAAEB9 /* CalendarViewController.swift */; };
		6C1E329F02A634E918F23BC39C09078D /* NotificationManager.swift in Sources */ = {isa = PBXBuildFile; fileRef = 376588E319A301D5B25A8FA2CE725D09 /* NotificationManager.swift */; };
		728DD3124921641337D8D93232C2FD88 /* NotificationController.swift in Sources */ = {isa = PBXBuildFile; fileRef = 26E0E3FAD2F28A255DBAED2CBD8A1499 /* NotificationController.swift */; };
		73ECC088926F477EA1FFF7B05DEBE7B9 /* MainViewController.swift in Sources */ = {isa = PBXBuildFile; fileRef = 4B913B872E0928B32A365C4836D770A3 /* MainViewController.swift */; };
		75783599791BB58424EC8F22D39AFAB2 /* ShmulikCLM.ttf in Resources */ = {isa = PBXBuildFile; fileRef = CA6A9974C599B23EF782A843CA68AB04 /* ShmulikCLM.ttf */; };
		7803282BD7D780BED3A4B289DA5BB37A /* TzeisNotificationsTableViewController.swift in Sources */ = {isa = PBXBuildFile; fileRef = 8C9C4AD27A58B4006CE020ABEEC30F0D /* TzeisNotificationsTableViewController.swift */; };
		78A4EFA1E519E75833246E568C2007C2 /* PrayerOptionsRowController.swift in Sources */ = {isa = PBXBuildFile; fileRef = EA83E13E018BDC99790A8B16AC29A2BC /* PrayerOptionsRowController.swift */; };
		80B19DAEE782D9048C92C17901133BA2 /* UIColorExtension.swift in Sources */ = {isa = PBXBuildFile; fileRef = 806D861B7320E49014829AC1E2FD4494 /* UIColorExtension.swift */; };
		9030EC3EC17448C8865EBBAB22412441 /* NewNotificationTableViewController.swift in Sources */ = {isa = PBXBuildFile; fileRef = C23263B26C7715669FC8A7885C55BAD0 /* NewNotificationTableViewController.swift */; };
		93BED4814B98D3E79385D13F1FF1BAD1 /* DorianCLM-Book.ttf in Resources */ = {isa = PBXBuildFile; fileRef = B718137B2565F1C724DB63CB13C5EFC9 /* DorianCLM-Book.ttf */; };
		93EDA27A2092101BE4A15975F5CD9433 /* SefiraDay.swift in Sources */ = {isa = PBXBuildFile; fileRef = 6163B880561DE6F54EF314BEF0F16D96 /* SefiraDay.swift */; };
		9456E52608FA3123AEFAE8439263D4BF /* NotificationTableViewCell.swift in Sources */ = {isa = PBXBuildFile; fileRef = 05C91F6E25ABCD0403D72B611F9BCF91 /* NotificationTableViewCell.swift */; };
		96C229E12B22B8B868CA362E68DA844B /* ExtensionDelegate.swift in Sources */ = {isa = PBXBuildFile; fileRef = 0891D13817AC8FE7CA7E7132EA5548D4 /* ExtensionDelegate.swift */; };
		98567C246AB6F216FFC6FCDCC6E03312 /* Assets.xcassets in Resources */ = {isa = PBXBuildFile; fileRef = 2D0E154956DD8B0F897B4DE354C27304 /* Assets.xcassets */; };
		9A95BAC51332BEBAD66FA890D7EA1D87 /* Pods_Sefirah.framework in Frameworks */ = {isa = PBXBuildFile; fileRef = 0B1E268EDE9C6F92C0C23831365D8F81 /* Pods_Sefirah.framework */; };
		A01114E726B83989D599AA1E3315F420 /* PrayerOptionsInterfaceController.swift in Sources */ = {isa = PBXBuildFile; fileRef = 054CBF78D18EB80E3A1F211CF4BA81F6 /* PrayerOptionsInterfaceController.swift */; };
		A7CAE737318D1506B905CE33B03213A9 /* Sefirah WatchKit Extension.appex in Embed App Extensions */ = {isa = PBXBuildFile; fileRef = 01380C96913712275C13C9F7A3EF1AE9 /* Sefirah WatchKit Extension.appex */; settings = {ATTRIBUTES = (RemoveHeadersOnCopy, ); }; };
		A92D051B6D2C88B7751F432B9EBFD893 /* WatchSessionManager.swift in Sources */ = {isa = PBXBuildFile; fileRef = 66E3B1FB3C0543E134AC542469E1A4DC /* WatchSessionManager.swift */; };
		AA458E10767DCD6335FA550FBB48AFB6 /* UIColorExtension.swift in Sources */ = {isa = PBXBuildFile; fileRef = 806D861B7320E49014829AC1E2FD4494 /* UIColorExtension.swift */; };
		AA771D00DA7E01E4F5E08B9E52C0D8D1 /* Sefirah WatchKit App.app in Embed Watch Content */ = {isa = PBXBuildFile; fileRef = 209EAE38A21312C3C9C46E7BF5BF5F60 /* Sefirah WatchKit App.app */; };
		AAA1C0C60CE9033800F2E828188F6EF5 /* ComplicationController.swift in Sources */ = {isa = PBXBuildFile; fileRef = EBDD47340BDEE9AC257118DE2602C824 /* ComplicationController.swift */; };
		ABC1FEC8CF0C622AF4F312C9308454DB /* Notification.swift in Sources */ = {isa = PBXBuildFile; fileRef = 1DC5DFD3C5C03516D5FF31F3E7E4D118 /* Notification.swift */; };
		B2A6E1169203361213FA748EC7B0EFF4 /* _Notification.swift in Sources */ = {isa = PBXBuildFile; fileRef = 72E0D77EA1A801249E1CADD6D8004433 /* _Notification.swift */; };
		B8A9BA6027927798CCFBA3C3B5A53562 /* SefirahTextInterfaceController.swift in Sources */ = {isa = PBXBuildFile; fileRef = 544E11F11E2025C772C6476CD2E43995 /* SefirahTextInterfaceController.swift */; };
		C7579B50E3734AEF261F752187B1774E /* Pods_Sefirah_WatchKit_Extension.framework in Frameworks */ = {isa = PBXBuildFile; fileRef = 9F695AEBCA1F700456B2575B301E0C03 /* Pods_Sefirah_WatchKit_Extension.framework */; };
		C8CFF0C1F254FE014F45EE640CC828D7 /* DorianCLM-BookItalic.ttf in Resources */ = {isa = PBXBuildFile; fileRef = D03FDA73990FA9B7DD997510A1705104 /* DorianCLM-BookItalic.ttf */; };
		CD2A57F5B986CDF1AFD1A4D2D39190BD /* Assets.xcassets in Resources */ = {isa = PBXBuildFile; fileRef = 60BF01550EA95057627FD9DA1DF7263E /* Assets.xcassets */; };
		CDF6B24120784D620C3195B6EEDD1A00 /* Settings.swift in Sources */ = {isa = PBXBuildFile; fileRef = 4961115A03C964CB449101A196BD00C0 /* Settings.swift */; };
		D2075EA27F0C159F057A17BBEF26CFFD /* DorianCLM-BookItalic.ttf in Resources */ = {isa = PBXBuildFile; fileRef = D03FDA73990FA9B7DD997510A1705104 /* DorianCLM-BookItalic.ttf */; };
		D2085C1A970D2753FC8B865820BF59BA /* LanguageRowController.swift in Sources */ = {isa = PBXBuildFile; fileRef = 12356388D7442F8D3EE665A3E2B43B9B /* LanguageRowController.swift */; };
		D668451FB1B49871D3F82CBCED84E7CF /* LaunchScreen.storyboard in Resources */ = {isa = PBXBuildFile; fileRef = 51AF862ED4889B315C65512A293F8F44 /* LaunchScreen.storyboard */; };
		D7B4852EAFCEF1F5D49295CD9E8D4470 /* NusachTableViewController.swift in Sources */ = {isa = PBXBuildFile; fileRef = 63F11FB6E5B28525818FEBB7762D4660 /* NusachTableViewController.swift */; };
		DC6CCB5D8528A26F51A80C5DAC16FD58 /* Main.storyboard in Resources */ = {isa = PBXBuildFile; fileRef = 3212E03C36D72BEF5557C7F700100169 /* Main.storyboard */; };
		E337C9C345214F93A4619FF6E2BDCEA9 /* MainTabBarViewController.swift in Sources */ = {isa = PBXBuildFile; fileRef = 59208083A54833E465B88FF6254741DB /* MainTabBarViewController.swift */; };
		E48B94100D91D74CCE2D293A99891780 /* LanguagesTableViewController.swift in Sources */ = {isa = PBXBuildFile; fileRef = DEC57FC7C7056A6ED9C5221FFB66A215 /* LanguagesTableViewController.swift */; };
		E5E687F51B9AFC8D08F31F8BE9E74D97 /* MainInterfaceController.swift in Sources */ = {isa = PBXBuildFile; fileRef = 8BA48A1A61645F7652E8DAA5588DB6A5 /* MainInterfaceController.swift */; };
		EC6DCCCBBAD5FCF6C517163F380A7EE7 /* NotificationsTableViewController.swift in Sources */ = {isa = PBXBuildFile; fileRef = 1506E35CCFC4B5003E8394421E16C297 /* NotificationsTableViewController.swift */; };
		F9772E86514DCB5B13F58A3E103D830C /* Interface.storyboard in Resources */ = {isa = PBXBuildFile; fileRef = 2CF3F83ADA324A14A021D29769FC6A06 /* Interface.storyboard */; };
/* End PBXBuildFile section */

/* Begin PBXContainerItemProxy section */
		8C0328E84BF2CCE09F575A9D150CF906 /* PBXContainerItemProxy */ = {
			isa = PBXContainerItemProxy;
			containerPortal = 08FC9073FA1469575A8DB91DF63EB4E2 /* Project object */;
			proxyType = 1;
			remoteGlobalIDString = 3D1F71ABD21E82DD349B36719F7A67C6;
			remoteInfo = "Sefirah WatchKit App";
		};
		FE4B0AC6CFBB714644DCEEE3DAC72CB1 /* PBXContainerItemProxy */ = {
			isa = PBXContainerItemProxy;
			containerPortal = 08FC9073FA1469575A8DB91DF63EB4E2 /* Project object */;
			proxyType = 1;
			remoteGlobalIDString = EFF376459A71A064ACA6705CC0F3A300;
			remoteInfo = "Sefirah WatchKit Extension";
		};
/* End PBXContainerItemProxy section */

/* Begin PBXCopyFilesBuildPhase section */
		D24B7889C82A05B7B22129C5E13AE1F8 /* Embed App Extensions */ = {
			isa = PBXCopyFilesBuildPhase;
			buildActionMask = 2147483647;
			dstPath = "";
			dstSubfolderSpec = 13;
			files = (
				A7CAE737318D1506B905CE33B03213A9 /* Sefirah WatchKit Extension.appex in Embed App Extensions */,
			);
			name = "Embed App Extensions";
			runOnlyForDeploymentPostprocessing = 0;
		};
		F02B130C81690918CB703FD4BAFBC5F5 /* Embed Watch Content */ = {
			isa = PBXCopyFilesBuildPhase;
			buildActionMask = 2147483647;
			dstPath = "$(CONTENTS_FOLDER_PATH)/Watch";
			dstSubfolderSpec = 16;
			files = (
				AA771D00DA7E01E4F5E08B9E52C0D8D1 /* Sefirah WatchKit App.app in Embed Watch Content */,
			);
			name = "Embed Watch Content";
			runOnlyForDeploymentPostprocessing = 0;
		};
/* End PBXCopyFilesBuildPhase section */

/* Begin PBXFileReference section */
		01380C96913712275C13C9F7A3EF1AE9 /* Sefirah WatchKit Extension.appex */ = {isa = PBXFileReference; explicitFileType = "wrapper.app-extension"; includeInIndex = 0; path = "Sefirah WatchKit Extension.appex"; sourceTree = BUILT_PRODUCTS_DIR; };
		054CBF78D18EB80E3A1F211CF4BA81F6 /* PrayerOptionsInterfaceController.swift */ = {isa = PBXFileReference; fileEncoding = 4; lastKnownFileType = sourcecode.swift; path = PrayerOptionsInterfaceController.swift; sourceTree = "<group>"; };
		05C91F6E25ABCD0403D72B611F9BCF91 /* NotificationTableViewCell.swift */ = {isa = PBXFileReference; fileEncoding = 4; lastKnownFileType = sourcecode.swift; path = NotificationTableViewCell.swift; sourceTree = "<group>"; };
		0891D13817AC8FE7CA7E7132EA5548D4 /* ExtensionDelegate.swift */ = {isa = PBXFileReference; lastKnownFileType = sourcecode.swift; path = ExtensionDelegate.swift; sourceTree = "<group>"; };
		0A3AA44D019C9664F86BF385A19101C4 /* Pods-Sefirah WatchKit Extension.debug.xcconfig */ = {isa = PBXFileReference; includeInIndex = 1; lastKnownFileType = text.xcconfig; name = "Pods-Sefirah WatchKit Extension.debug.xcconfig"; path = "Pods/Target Support Files/Pods-Sefirah WatchKit Extension/Pods-Sefirah WatchKit Extension.debug.xcconfig"; sourceTree = "<group>"; };
		0B1E268EDE9C6F92C0C23831365D8F81 /* Pods_Sefirah.framework */ = {isa = PBXFileReference; explicitFileType = wrapper.framework; includeInIndex = 0; path = Pods_Sefirah.framework; sourceTree = BUILT_PRODUCTS_DIR; };
		0C384E246AAA10DCA86AB009C0C40E6B /* PushNotificationPayload.apns */ = {isa = PBXFileReference; lastKnownFileType = text; path = PushNotificationPayload.apns; sourceTree = "<group>"; };
		12356388D7442F8D3EE665A3E2B43B9B /* LanguageRowController.swift */ = {isa = PBXFileReference; fileEncoding = 4; lastKnownFileType = sourcecode.swift; path = LanguageRowController.swift; sourceTree = "<group>"; };
		1506E35CCFC4B5003E8394421E16C297 /* NotificationsTableViewController.swift */ = {isa = PBXFileReference; fileEncoding = 4; lastKnownFileType = sourcecode.swift; path = NotificationsTableViewController.swift; sourceTree = "<group>"; };
		159F9E3AD6A2886D716A69A32D0BE0EE /* PrayerOptionsTableViewController.swift */ = {isa = PBXFileReference; fileEncoding = 4; lastKnownFileType = sourcecode.swift; path = PrayerOptionsTableViewController.swift; sourceTree = "<group>"; };
		1965C765D3F1396D399FF20646654B3D /* WatchSessionManager.swift */ = {isa = PBXFileReference; fileEncoding = 4; lastKnownFileType = sourcecode.swift; path = WatchSessionManager.swift; sourceTree = "<group>"; };
		1B15CE34F7797AFD0E834D9683EB3A7E /* v1.0.xcdatamodel */ = {isa = PBXFileReference; lastKnownFileType = wrapper.xcdatamodel; path = v1.0.xcdatamodel; sourceTree = "<group>"; };
		1DC5DFD3C5C03516D5FF31F3E7E4D118 /* Notification.swift */ = {isa = PBXFileReference; fileEncoding = 4; lastKnownFileType = sourcecode.swift; path = Notification.swift; sourceTree = "<group>"; };
		1E1AFB256C5A82932957D3121BF1DCDE /* Info.plist */ = {isa = PBXFileReference; lastKnownFileType = text.plist.xml; path = Info.plist; sourceTree = "<group>"; };
		209EAE38A21312C3C9C46E7BF5BF5F60 /* Sefirah WatchKit App.app */ = {isa = PBXFileReference; explicitFileType = wrapper.application; includeInIndex = 0; path = "Sefirah WatchKit App.app"; sourceTree = BUILT_PRODUCTS_DIR; };
		24767A50582A66A53D2922566DE23376 /* Base */ = {isa = PBXFileReference; lastKnownFileType = file.storyboard; name = Base; path = Base.lproj/LaunchScreen.storyboard; sourceTree = "<group>"; };
		26E0E3FAD2F28A255DBAED2CBD8A1499 /* NotificationController.swift */ = {isa = PBXFileReference; lastKnownFileType = sourcecode.swift; path = NotificationController.swift; sourceTree = "<group>"; };
		2A0AD3F29526A80369B42678026205CB /* SettingsTableViewController.swift */ = {isa = PBXFileReference; fileEncoding = 4; lastKnownFileType = sourcecode.swift; path = SettingsTableViewController.swift; sourceTree = "<group>"; };
		2D0E154956DD8B0F897B4DE354C27304 /* Assets.xcassets */ = {isa = PBXFileReference; lastKnownFileType = folder.assetcatalog; path = Assets.xcassets; sourceTree = "<group>"; };
		352F469FC724FB8A98175F2E4D71542E /* Sefirah.entitlements */ = {isa = PBXFileReference; lastKnownFileType = text.xml; path = Sefirah.entitlements; sourceTree = "<group>"; };
		376588E319A301D5B25A8FA2CE725D09 /* NotificationManager.swift */ = {isa = PBXFileReference; fileEncoding = 4; lastKnownFileType = sourcecode.swift; path = NotificationManager.swift; sourceTree = "<group>"; };
		4961115A03C964CB449101A196BD00C0 /* Settings.swift */ = {isa = PBXFileReference; fileEncoding = 4; lastKnownFileType = sourcecode.swift; path = Settings.swift; sourceTree = "<group>"; };
		4B913B872E0928B32A365C4836D770A3 /* MainViewController.swift */ = {isa = PBXFileReference; lastKnownFileType = sourcecode.swift; path = MainViewController.swift; sourceTree = "<group>"; };
		4F8CC64F42345EBE9B0DE14038215B4D /* TrackerInterfaceController.swift */ = {isa = PBXFileReference; fileEncoding = 4; lastKnownFileType = sourcecode.swift; path = TrackerInterfaceController.swift; sourceTree = "<group>"; };
		52A2C8668E329F8F23A2994ACF69796A /* Model.xcdatamodel */ = {isa = PBXFileReference; lastKnownFileType = wrapper.xcdatamodel; path = Model.xcdatamodel; sourceTree = "<group>"; };
		544E11F11E2025C772C6476CD2E43995 /* SefirahTextInterfaceController.swift */ = {isa = PBXFileReference; fileEncoding = 4; lastKnownFileType = sourcecode.swift; path = SefirahTextInterfaceController.swift; sourceTree = "<group>"; };
		550206918C1ECA17D8F3EB053673DC6E /* Sefirah WatchKit App.entitlements */ = {isa = PBXFileReference; lastKnownFileType = text.xml; path = "Sefirah WatchKit App.entitlements"; sourceTree = "<group>"; };
		591903883EFFF2F7DF4BBB8F7C398219 /* Sefirah WatchKit App-Bridging-Header.h */ = {isa = PBXFileReference; lastKnownFileType = sourcecode.c.h; path = "Sefirah WatchKit App-Bridging-Header.h"; sourceTree = "<group>"; };
		59208083A54833E465B88FF6254741DB /* MainTabBarViewController.swift */ = {isa = PBXFileReference; fileEncoding = 4; lastKnownFileType = sourcecode.swift; path = MainTabBarViewController.swift; sourceTree = "<group>"; };
		60B301665038AA7130366FB0071BA064 /* Base */ = {isa = PBXFileReference; lastKnownFileType = file.storyboard; name = Base; path = Base.lproj/Interface.storyboard; sourceTree = "<group>"; };
		60BF01550EA95057627FD9DA1DF7263E /* Assets.xcassets */ = {isa = PBXFileReference; lastKnownFileType = folder.assetcatalog; path = Assets.xcassets; sourceTree = "<group>"; };
		6163B880561DE6F54EF314BEF0F16D96 /* SefiraDay.swift */ = {isa = PBXFileReference; fileEncoding = 4; lastKnownFileType = sourcecode.swift; path = SefiraDay.swift; sourceTree = "<group>"; };
		63F11FB6E5B28525818FEBB7762D4660 /* NusachTableViewController.swift */ = {isa = PBXFileReference; fileEncoding = 4; lastKnownFileType = sourcecode.swift; path = NusachTableViewController.swift; sourceTree = "<group>"; };
		66E3B1FB3C0543E134AC542469E1A4DC /* WatchSessionManager.swift */ = {isa = PBXFileReference; fileEncoding = 4; lastKnownFileType = sourcecode.swift; path = WatchSessionManager.swift; sourceTree = "<group>"; };
		70022424B84AC2B5FDB82BA51D1FE62F /* Base */ = {isa = PBXFileReference; lastKnownFileType = file.storyboard; name = Base; path = Base.lproj/Main.storyboard; sourceTree = "<group>"; };
		71BCAA03A826671A7E3AFF8231362494 /* Info.plist */ = {isa = PBXFileReference; lastKnownFileType = text.plist.xml; path = Info.plist; sourceTree = "<group>"; };
		72E0D77EA1A801249E1CADD6D8004433 /* _Notification.swift */ = {isa = PBXFileReference; fileEncoding = 4; lastKnownFileType = sourcecode.swift; path = _Notification.swift; sourceTree = "<group>"; };
		73BBF7893D9A15C4D624342992AAAEB9 /* CalendarViewController.swift */ = {isa = PBXFileReference; fileEncoding = 4; lastKnownFileType = sourcecode.swift; path = CalendarViewController.swift; sourceTree = "<group>"; };
		75F07ACAE8847F4DB1C2EA89C0F141DD /* AppDelegate.swift */ = {isa = PBXFileReference; lastKnownFileType = sourcecode.swift; path = AppDelegate.swift; sourceTree = "<group>"; };
		77A954BCAFD6998FE9844915CF3161F8 /* Settings-Watch.bundle */ = {isa = PBXFileReference; lastKnownFileType = "wrapper.plug-in"; path = "Settings-Watch.bundle"; sourceTree = "<group>"; };
		806D861B7320E49014829AC1E2FD4494 /* UIColorExtension.swift */ = {isa = PBXFileReference; fileEncoding = 4; lastKnownFileType = sourcecode.swift; path = UIColorExtension.swift; sourceTree = "<group>"; };
		8BA48A1A61645F7652E8DAA5588DB6A5 /* MainInterfaceController.swift */ = {isa = PBXFileReference; lastKnownFileType = sourcecode.swift; path = MainInterfaceController.swift; sourceTree = "<group>"; };
		8C9C4AD27A58B4006CE020ABEEC30F0D /* TzeisNotificationsTableViewController.swift */ = {isa = PBXFileReference; fileEncoding = 4; lastKnownFileType = sourcecode.swift; path = TzeisNotificationsTableViewController.swift; sourceTree = "<group>"; };
		912567255AB53C0AD9DFC106CAE17F9A /* Pods-Sefirah WatchKit Extension.release.xcconfig */ = {isa = PBXFileReference; includeInIndex = 1; lastKnownFileType = text.xcconfig; name = "Pods-Sefirah WatchKit Extension.release.xcconfig"; path = "Pods/Target Support Files/Pods-Sefirah WatchKit Extension/Pods-Sefirah WatchKit Extension.release.xcconfig"; sourceTree = "<group>"; };
		95596458E98A2C0BB4B51C133DF25FF8 /* TzeisNotificationTableViewCell.swift */ = {isa = PBXFileReference; fileEncoding = 4; lastKnownFileType = sourcecode.swift; path = TzeisNotificationTableViewCell.swift; sourceTree = "<group>"; };
		9C8030664E07C50A68F433D02A9C9EA4 /* Pods-Sefirah.debug.xcconfig */ = {isa = PBXFileReference; includeInIndex = 1; lastKnownFileType = text.xcconfig; name = "Pods-Sefirah.debug.xcconfig"; path = "Pods/Target Support Files/Pods-Sefirah/Pods-Sefirah.debug.xcconfig"; sourceTree = "<group>"; };
		9F695AEBCA1F700456B2575B301E0C03 /* Pods_Sefirah_WatchKit_Extension.framework */ = {isa = PBXFileReference; explicitFileType = wrapper.framework; includeInIndex = 0; path = Pods_Sefirah_WatchKit_Extension.framework; sourceTree = BUILT_PRODUCTS_DIR; };
		A2822CFC9E2FB5FF305577DA91B8CEB9 /* SefiraDayWatch.swift */ = {isa = PBXFileReference; fileEncoding = 4; lastKnownFileType = sourcecode.swift; path = SefiraDayWatch.swift; sourceTree = "<group>"; };
		B718137B2565F1C724DB63CB13C5EFC9 /* DorianCLM-Book.ttf */ = {isa = PBXFileReference; lastKnownFileType = file; path = "DorianCLM-Book.ttf"; sourceTree = "<group>"; };
		BACAB6396F58719E2295A7A98F7B824C /* Assets.xcassets */ = {isa = PBXFileReference; lastKnownFileType = folder.assetcatalog; path = Assets.xcassets; sourceTree = "<group>"; };
		C23263B26C7715669FC8A7885C55BAD0 /* NewNotificationTableViewController.swift */ = {isa = PBXFileReference; fileEncoding = 4; lastKnownFileType = sourcecode.swift; path = NewNotificationTableViewController.swift; sourceTree = "<group>"; };
		C2B6D1C8CF9B577C678BA25E5A271056 /* Pods_Sefirah_WatchKit_App.framework */ = {isa = PBXFileReference; explicitFileType = wrapper.framework; includeInIndex = 0; path = Pods_Sefirah_WatchKit_App.framework; sourceTree = BUILT_PRODUCTS_DIR; };
		CA6A9974C599B23EF782A843CA68AB04 /* ShmulikCLM.ttf */ = {isa = PBXFileReference; lastKnownFileType = file; path = ShmulikCLM.ttf; sourceTree = "<group>"; };
		CF4C80D3E579943C312E2CB7F83C5CF0 /* Sefirah.app */ = {isa = PBXFileReference; explicitFileType = wrapper.application; includeInIndex = 0; path = Sefirah.app; sourceTree = BUILT_PRODUCTS_DIR; };
		D03FDA73990FA9B7DD997510A1705104 /* DorianCLM-BookItalic.ttf */ = {isa = PBXFileReference; lastKnownFileType = file; path = "DorianCLM-BookItalic.ttf"; sourceTree = "<group>"; };
		D2D408E3E59470263AE9B48AAF1F052C /* Pods-Sefirah.release.xcconfig */ = {isa = PBXFileReference; includeInIndex = 1; lastKnownFileType = text.xcconfig; name = "Pods-Sefirah.release.xcconfig"; path = "Pods/Target Support Files/Pods-Sefirah/Pods-Sefirah.release.xcconfig"; sourceTree = "<group>"; };
		DBE3407B7D29B1A7556A03F9F856220A /* Sefirah WatchKit Extension.entitlements */ = {isa = PBXFileReference; lastKnownFileType = text.xml; path = "Sefirah WatchKit Extension.entitlements"; sourceTree = "<group>"; };
		DEC57FC7C7056A6ED9C5221FFB66A215 /* LanguagesTableViewController.swift */ = {isa = PBXFileReference; fileEncoding = 4; lastKnownFileType = sourcecode.swift; path = LanguagesTableViewController.swift; sourceTree = "<group>"; };
		E00FEB6E4636DD4FBD7C6CC95BE551E5 /* Pods-Sefirah WatchKit App.release.xcconfig */ = {isa = PBXFileReference; includeInIndex = 1; lastKnownFileType = text.xcconfig; name = "Pods-Sefirah WatchKit App.release.xcconfig"; path = "Pods/Target Support Files/Pods-Sefirah WatchKit App/Pods-Sefirah WatchKit App.release.xcconfig"; sourceTree = "<group>"; };
		E72CCBC1FABC10E1C900A7E1D8ED2E48 /* NotificationCell.xib */ = {isa = PBXFileReference; fileEncoding = 4; lastKnownFileType = file.xib; path = NotificationCell.xib; sourceTree = "<group>"; };
		EA1B61A4142E5CFEA5795722B30B89CE /* LanguageSettingsInterfaceController.swift */ = {isa = PBXFileReference; fileEncoding = 4; lastKnownFileType = sourcecode.swift; path = LanguageSettingsInterfaceController.swift; sourceTree = "<group>"; };
		EA83E13E018BDC99790A8B16AC29A2BC /* PrayerOptionsRowController.swift */ = {isa = PBXFileReference; fileEncoding = 4; lastKnownFileType = sourcecode.swift; path = PrayerOptionsRowController.swift; sourceTree = "<group>"; };
		EBDD47340BDEE9AC257118DE2602C824 /* ComplicationController.swift */ = {isa = PBXFileReference; lastKnownFileType = sourcecode.swift; path = ComplicationController.swift; sourceTree = "<group>"; };
		ED3F5844C719B218C59825B5E277EE6F /* Pods-Sefirah WatchKit App.debug.xcconfig */ = {isa = PBXFileReference; includeInIndex = 1; lastKnownFileType = text.xcconfig; name = "Pods-Sefirah WatchKit App.debug.xcconfig"; path = "Pods/Target Support Files/Pods-Sefirah WatchKit App/Pods-Sefirah WatchKit App.debug.xcconfig"; sourceTree = "<group>"; };
		F9F13371159E37A40587CCE9F0C9AA32 /* Info.plist */ = {isa = PBXFileReference; lastKnownFileType = text.plist.xml; path = Info.plist; sourceTree = "<group>"; };
		FD93110408F3BBC56FB72B619CF805C5 /* Sefirah-Bridging-Header.h */ = {isa = PBXFileReference; lastKnownFileType = sourcecode.c.h; path = "Sefirah-Bridging-Header.h"; sourceTree = "<group>"; };
/* End PBXFileReference section */

/* Begin PBXFrameworksBuildPhase section */
		1E296FB86B99FA24A0F456194798BBCD /* Frameworks */ = {
			isa = PBXFrameworksBuildPhase;
			buildActionMask = 2147483647;
			files = (
				9A95BAC51332BEBAD66FA890D7EA1D87 /* Pods_Sefirah.framework in Frameworks */,
			);
			runOnlyForDeploymentPostprocessing = 0;
		};
		3E5D15CE9150B68177D2EA4FD5DD60A9 /* Frameworks */ = {
			isa = PBXFrameworksBuildPhase;
			buildActionMask = 2147483647;
			files = (
				41296E18494E113C2EE1CF6480907CE3 /* Pods_Sefirah_WatchKit_App.framework in Frameworks */,
			);
			runOnlyForDeploymentPostprocessing = 0;
		};
		D790E6E9133D46A2640F781549CC5585 /* Frameworks */ = {
			isa = PBXFrameworksBuildPhase;
			buildActionMask = 2147483647;
			files = (
				C7579B50E3734AEF261F752187B1774E /* Pods_Sefirah_WatchKit_Extension.framework in Frameworks */,
			);
			runOnlyForDeploymentPostprocessing = 0;
		};
/* End PBXFrameworksBuildPhase section */

/* Begin PBXGroup section */
		015AB78E3C470E39881760C112C4F05D /* Sefirah */ = {
			isa = PBXGroup;
			children = (
				C6A8A7D2C0AAD4A42906751BCCD57BFF /* Classes */,
				4FE9131A7790936C42AC93E02614E91C /* Controllers */,
				9897993FA0FDF0BCC042F2EDA767A9C5 /* Extensions */,
				D97009287101E310998FDDABC11BD50B /* Fonts */,
				EFDFC68A77B640D91C90A8CF7498980F /* Model */,
				C993568F36F4827CE4444959A47AB24A /* Nibs */,
				75F07ACAE8847F4DB1C2EA89C0F141DD /* AppDelegate.swift */,
				60BF01550EA95057627FD9DA1DF7263E /* Assets.xcassets */,
				71BCAA03A826671A7E3AFF8231362494 /* Info.plist */,
				51AF862ED4889B315C65512A293F8F44 /* LaunchScreen.storyboard */,
				3212E03C36D72BEF5557C7F700100169 /* Main.storyboard */,
				FD93110408F3BBC56FB72B619CF805C5 /* Sefirah-Bridging-Header.h */,
				352F469FC724FB8A98175F2E4D71542E /* Sefirah.entitlements */,
				77A954BCAFD6998FE9844915CF3161F8 /* Settings-Watch.bundle */,
			);
			path = Sefirah;
			sourceTree = "<group>";
		};
		0B03E9D0B7F5E2C07A225692DAAAD2D7 /* Supporting Files */ = {
			isa = PBXGroup;
			children = (
				0C384E246AAA10DCA86AB009C0C40E6B /* PushNotificationPayload.apns */,
			);
			path = "Supporting Files";
			sourceTree = "<group>";
		};
		1419DE1096FE34BC6B2C18F9062AACBF /* Pods */ = {
			isa = PBXGroup;
			children = (
				ED3F5844C719B218C59825B5E277EE6F /* Pods-Sefirah WatchKit App.debug.xcconfig */,
				E00FEB6E4636DD4FBD7C6CC95BE551E5 /* Pods-Sefirah WatchKit App.release.xcconfig */,
				0A3AA44D019C9664F86BF385A19101C4 /* Pods-Sefirah WatchKit Extension.debug.xcconfig */,
				912567255AB53C0AD9DFC106CAE17F9A /* Pods-Sefirah WatchKit Extension.release.xcconfig */,
				9C8030664E07C50A68F433D02A9C9EA4 /* Pods-Sefirah.debug.xcconfig */,
				D2D408E3E59470263AE9B48AAF1F052C /* Pods-Sefirah.release.xcconfig */,
			);
			name = Pods;
			sourceTree = "<group>";
		};
		26AE42C92F3ED053280139125F1A3E52 /* Products */ = {
			isa = PBXGroup;
			children = (
				209EAE38A21312C3C9C46E7BF5BF5F60 /* Sefirah WatchKit App.app */,
				01380C96913712275C13C9F7A3EF1AE9 /* Sefirah WatchKit Extension.appex */,
				CF4C80D3E579943C312E2CB7F83C5CF0 /* Sefirah.app */,
			);
			name = Products;
			sourceTree = "<group>";
		};
		2DB56B72A076445A1224BF94DD14F4E9 /* Sefirah WatchKit Extension */ = {
			isa = PBXGroup;
			children = (
				4AB14C56B2B34785E7DDC603B0C5BE36 /* Classes */,
				986D9899D00EE68A09D1E30491A06C38 /* Controllers */,
				0B03E9D0B7F5E2C07A225692DAAAD2D7 /* Supporting Files */,
				2D0E154956DD8B0F897B4DE354C27304 /* Assets.xcassets */,
				0891D13817AC8FE7CA7E7132EA5548D4 /* ExtensionDelegate.swift */,
				1E1AFB256C5A82932957D3121BF1DCDE /* Info.plist */,
				DBE3407B7D29B1A7556A03F9F856220A /* Sefirah WatchKit Extension.entitlements */,
			);
			path = "Sefirah WatchKit Extension";
			sourceTree = "<group>";
		};
		419CA748C2D46B4FCE54C095CD7FF1A0 /* Frameworks */ = {
			isa = PBXGroup;
			children = (
				0B1E268EDE9C6F92C0C23831365D8F81 /* Pods_Sefirah.framework */,
				C2B6D1C8CF9B577C678BA25E5A271056 /* Pods_Sefirah_WatchKit_App.framework */,
				9F695AEBCA1F700456B2575B301E0C03 /* Pods_Sefirah_WatchKit_Extension.framework */,
			);
			name = Frameworks;
			sourceTree = "<group>";
		};
		4AB14C56B2B34785E7DDC603B0C5BE36 /* Classes */ = {
			isa = PBXGroup;
			children = (
				A2822CFC9E2FB5FF305577DA91B8CEB9 /* SefiraDayWatch.swift */,
				66E3B1FB3C0543E134AC542469E1A4DC /* WatchSessionManager.swift */,
			);
			path = Classes;
			sourceTree = "<group>";
		};
		4FE9131A7790936C42AC93E02614E91C /* Controllers */ = {
			isa = PBXGroup;
			children = (
				73BBF7893D9A15C4D624342992AAAEB9 /* CalendarViewController.swift */,
				DEC57FC7C7056A6ED9C5221FFB66A215 /* LanguagesTableViewController.swift */,
				59208083A54833E465B88FF6254741DB /* MainTabBarViewController.swift */,
				4B913B872E0928B32A365C4836D770A3 /* MainViewController.swift */,
				C23263B26C7715669FC8A7885C55BAD0 /* NewNotificationTableViewController.swift */,
				1506E35CCFC4B5003E8394421E16C297 /* NotificationsTableViewController.swift */,
				63F11FB6E5B28525818FEBB7762D4660 /* NusachTableViewController.swift */,
				159F9E3AD6A2886D716A69A32D0BE0EE /* PrayerOptionsTableViewController.swift */,
				2A0AD3F29526A80369B42678026205CB /* SettingsTableViewController.swift */,
				8C9C4AD27A58B4006CE020ABEEC30F0D /* TzeisNotificationsTableViewController.swift */,
			);
			path = Controllers;
			sourceTree = "<group>";
		};
		986D9899D00EE68A09D1E30491A06C38 /* Controllers */ = {
			isa = PBXGroup;
			children = (
				F8A4FEDD51ECD68B6A7FBB39D418F67E /* Row Controllers */,
				EBDD47340BDEE9AC257118DE2602C824 /* ComplicationController.swift */,
				EA1B61A4142E5CFEA5795722B30B89CE /* LanguageSettingsInterfaceController.swift */,
				8BA48A1A61645F7652E8DAA5588DB6A5 /* MainInterfaceController.swift */,
				26E0E3FAD2F28A255DBAED2CBD8A1499 /* NotificationController.swift */,
				054CBF78D18EB80E3A1F211CF4BA81F6 /* PrayerOptionsInterfaceController.swift */,
				544E11F11E2025C772C6476CD2E43995 /* SefirahTextInterfaceController.swift */,
				4F8CC64F42345EBE9B0DE14038215B4D /* TrackerInterfaceController.swift */,
			);
			path = Controllers;
			sourceTree = "<group>";
		};
		9897993FA0FDF0BCC042F2EDA767A9C5 /* Extensions */ = {
			isa = PBXGroup;
			children = (
				806D861B7320E49014829AC1E2FD4494 /* UIColorExtension.swift */,
			);
			path = Extensions;
			sourceTree = "<group>";
		};
		B00D898D1CEC34461E5E963496E78BB4 /* Sefirah WatchKit App */ = {
			isa = PBXGroup;
			children = (
				BACAB6396F58719E2295A7A98F7B824C /* Assets.xcassets */,
				F9F13371159E37A40587CCE9F0C9AA32 /* Info.plist */,
				2CF3F83ADA324A14A021D29769FC6A06 /* Interface.storyboard */,
				550206918C1ECA17D8F3EB053673DC6E /* Sefirah WatchKit App.entitlements */,
			);
			path = "Sefirah WatchKit App";
			sourceTree = "<group>";
		};
		C6A8A7D2C0AAD4A42906751BCCD57BFF /* Classes */ = {
			isa = PBXGroup;
			children = (
				376588E319A301D5B25A8FA2CE725D09 /* NotificationManager.swift */,
				05C91F6E25ABCD0403D72B611F9BCF91 /* NotificationTableViewCell.swift */,
				6163B880561DE6F54EF314BEF0F16D96 /* SefiraDay.swift */,
				591903883EFFF2F7DF4BBB8F7C398219 /* Sefirah WatchKit App-Bridging-Header.h */,
				4961115A03C964CB449101A196BD00C0 /* Settings.swift */,
				95596458E98A2C0BB4B51C133DF25FF8 /* TzeisNotificationTableViewCell.swift */,
				1965C765D3F1396D399FF20646654B3D /* WatchSessionManager.swift */,
			);
			path = Classes;
			sourceTree = "<group>";
		};
		C993568F36F4827CE4444959A47AB24A /* Nibs */ = {
			isa = PBXGroup;
			children = (
				E72CCBC1FABC10E1C900A7E1D8ED2E48 /* NotificationCell.xib */,
			);
			path = Nibs;
			sourceTree = "<group>";
		};
		D97009287101E310998FDDABC11BD50B /* Fonts */ = {
			isa = PBXGroup;
			children = (
				B718137B2565F1C724DB63CB13C5EFC9 /* DorianCLM-Book.ttf */,
				D03FDA73990FA9B7DD997510A1705104 /* DorianCLM-BookItalic.ttf */,
				CA6A9974C599B23EF782A843CA68AB04 /* ShmulikCLM.ttf */,
			);
			path = Fonts;
			sourceTree = "<group>";
		};
		E5F1B76F7BE686F3159BB29BF4838BFB = {
			isa = PBXGroup;
			children = (
				419CA748C2D46B4FCE54C095CD7FF1A0 /* Frameworks */,
				1419DE1096FE34BC6B2C18F9062AACBF /* Pods */,
				26AE42C92F3ED053280139125F1A3E52 /* Products */,
				015AB78E3C470E39881760C112C4F05D /* Sefirah */,
				B00D898D1CEC34461E5E963496E78BB4 /* Sefirah WatchKit App */,
				2DB56B72A076445A1224BF94DD14F4E9 /* Sefirah WatchKit Extension */,
			);
			sourceTree = "<group>";
		};
		EFDFC68A77B640D91C90A8CF7498980F /* Model */ = {
			isa = PBXGroup;
			children = (
				A8705ECE112416693757F2A9E5E80AFB /* Model.xcdatamodeld */,
				1DC5DFD3C5C03516D5FF31F3E7E4D118 /* Notification.swift */,
				72E0D77EA1A801249E1CADD6D8004433 /* _Notification.swift */,
			);
			path = Model;
			sourceTree = "<group>";
		};
		F8A4FEDD51ECD68B6A7FBB39D418F67E /* Row Controllers */ = {
			isa = PBXGroup;
			children = (
				12356388D7442F8D3EE665A3E2B43B9B /* LanguageRowController.swift */,
				EA83E13E018BDC99790A8B16AC29A2BC /* PrayerOptionsRowController.swift */,
			);
			path = "Row Controllers";
			sourceTree = "<group>";
		};
/* End PBXGroup section */

/* Begin PBXNativeTarget section */
		2251D053A723C356E4A41443E79E6014 /* Sefirah */ = {
			isa = PBXNativeTarget;
			buildConfigurationList = 47314BE852AC0ED3C79CBE424BDD0BB4 /* Build configuration list for PBXNativeTarget "Sefirah" */;
			buildPhases = (
				59585740AB322112594A398FA9AFB081 /* 📦 Check Pods Manifest.lock */,
				A35D9231924B206EAB0956CE1F73ADD8 /* Sources */,
				1E296FB86B99FA24A0F456194798BBCD /* Frameworks */,
				29DAE51DD775D5244EF24077E69FDA42 /* Resources */,
				F02B130C81690918CB703FD4BAFBC5F5 /* Embed Watch Content */,
				EC6EDD0C26E7C14EEB18DD9863E28E6B /* 📦 Embed Pods Frameworks */,
				5E7C7332510FB883D90C8B94F66604BE /* 📦 Copy Pods Resources */,
			);
			buildRules = (
			);
			dependencies = (
				C1C3CBCD90520EE340553B4506827F14 /* PBXTargetDependency */,
			);
			name = Sefirah;
			productName = Sefirah;
			productReference = CF4C80D3E579943C312E2CB7F83C5CF0 /* Sefirah.app */;
			productType = "com.apple.product-type.application";
		};
		3D1F71ABD21E82DD349B36719F7A67C6 /* Sefirah WatchKit App */ = {
			isa = PBXNativeTarget;
			buildConfigurationList = 1A7F3BB4933FA6BE947FBE96F3973524 /* Build configuration list for PBXNativeTarget "Sefirah WatchKit App" */;
			buildPhases = (
				237D2AADAD8D7E6EDFFB4D22A9BF36BD /* 📦 Check Pods Manifest.lock */,
				8A1E22323D0FCABE5D7E97B3BCB3E6C0 /* Resources */,
				D24B7889C82A05B7B22129C5E13AE1F8 /* Embed App Extensions */,
				3E5D15CE9150B68177D2EA4FD5DD60A9 /* Frameworks */,
				3477336F43CDB337F0188FBDD36296D2 /* 📦 Copy Pods Resources */,
			);
			buildRules = (
			);
			dependencies = (
				0B89A54FED83FE845090E81BE1C77E66 /* PBXTargetDependency */,
			);
			name = "Sefirah WatchKit App";
			productName = "Sefirah WatchKit App";
			productReference = 209EAE38A21312C3C9C46E7BF5BF5F60 /* Sefirah WatchKit App.app */;
			productType = "com.apple.product-type.application.watchapp2";
		};
		EFF376459A71A064ACA6705CC0F3A300 /* Sefirah WatchKit Extension */ = {
			isa = PBXNativeTarget;
			buildConfigurationList = 3A5AC13ED55CD9F6FCA784CFD74E2F3C /* Build configuration list for PBXNativeTarget "Sefirah WatchKit Extension" */;
			buildPhases = (
				B8CE17CD16C3C1A5FB1E4114A0D54ACC /* 📦 Check Pods Manifest.lock */,
				CA699061B93CFEF29444761734DDB418 /* Sources */,
				D790E6E9133D46A2640F781549CC5585 /* Frameworks */,
				A626BF629A10B9AFEA62E73F62D2F5C4 /* Resources */,
				1295A4B6A586F1A3BC2CF12DF6E7D713 /* 📦 Embed Pods Frameworks */,
				E78CB5FDAA5C86F3D93942910334ED8D /* 📦 Copy Pods Resources */,
			);
			buildRules = (
			);
			dependencies = (
			);
			name = "Sefirah WatchKit Extension";
			productName = "Sefirah WatchKit Extension";
			productReference = 01380C96913712275C13C9F7A3EF1AE9 /* Sefirah WatchKit Extension.appex */;
			productType = "com.apple.product-type.watchkit2-extension";
		};
/* End PBXNativeTarget section */

/* Begin PBXProject section */
		08FC9073FA1469575A8DB91DF63EB4E2 /* Project object */ = {
			isa = PBXProject;
			attributes = {
				LastSwiftUpdateCheck = 0730;
				LastUpgradeCheck = 0730;
				ORGANIZATIONNAME = "Josh Siegel";
				TargetAttributes = {
					2251D053A723C356E4A41443E79E6014 = {
						CreatedOnToolsVersion = 7.3;
						DevelopmentTeam = H7QACAK68J;
						SystemCapabilities = {
							com.apple.ApplicationGroups.iOS = {
								enabled = 0;
							};
							com.apple.BackgroundModes = {
								enabled = 1;
							};
						};
					};
					3D1F71ABD21E82DD349B36719F7A67C6 = {
						CreatedOnToolsVersion = 7.3;
						DevelopmentTeam = H7QACAK68J;
						SystemCapabilities = {
							com.apple.ApplicationGroups.iOS = {
								enabled = 0;
							};
						};
					};
					EFF376459A71A064ACA6705CC0F3A300 = {
						CreatedOnToolsVersion = 7.3;
						DevelopmentTeam = H7QACAK68J;
						SystemCapabilities = {
							com.apple.ApplicationGroups.iOS = {
								enabled = 0;
							};
						};
					};
					FFE8C172F1AEB1F1839B0422E0F0CDF3 = {
						CreatedOnToolsVersion = 7.3;
					};
				};
			};
			buildConfigurationList = 1E6B41FFF927CFA30636FCE97F2B76E7 /* Build configuration list for PBXProject "Sefirah" */;
			compatibilityVersion = "Xcode 3.2";
			developmentRegion = English;
			hasScannedForEncodings = 0;
			knownRegions = (
				en,
				Base,
			);
			mainGroup = E5F1B76F7BE686F3159BB29BF4838BFB;
			productRefGroup = 26AE42C92F3ED053280139125F1A3E52 /* Products */;
			projectDirPath = "";
			projectRoot = "";
			targets = (
				2251D053A723C356E4A41443E79E6014 /* Sefirah */,
				3D1F71ABD21E82DD349B36719F7A67C6 /* Sefirah WatchKit App */,
				EFF376459A71A064ACA6705CC0F3A300 /* Sefirah WatchKit Extension */,
				FFE8C172F1AEB1F1839B0422E0F0CDF3 /* Mogenerator */,
			);
		};
/* End PBXProject section */

/* Begin PBXResourcesBuildPhase section */
		29DAE51DD775D5244EF24077E69FDA42 /* Resources */ = {
			isa = PBXResourcesBuildPhase;
			buildActionMask = 2147483647;
			files = (
				CD2A57F5B986CDF1AFD1A4D2D39190BD /* Assets.xcassets in Resources */,
				65F80F06C3AC790F1C358C2AECECACE6 /* DorianCLM-Book.ttf in Resources */,
				C8CFF0C1F254FE014F45EE640CC828D7 /* DorianCLM-BookItalic.ttf in Resources */,
				D668451FB1B49871D3F82CBCED84E7CF /* LaunchScreen.storyboard in Resources */,
				DC6CCB5D8528A26F51A80C5DAC16FD58 /* Main.storyboard in Resources */,
				56ADC1776C7290BE4DF3BACD29B2189F /* NotificationCell.xib in Resources */,
				3568BCF8DB0A148FB56787EBC8C0CCA8 /* Settings-Watch.bundle in Resources */,
				3FC6F2C9A77866115D5886C09FDEB000 /* ShmulikCLM.ttf in Resources */,
			);
			runOnlyForDeploymentPostprocessing = 0;
		};
		8A1E22323D0FCABE5D7E97B3BCB3E6C0 /* Resources */ = {
			isa = PBXResourcesBuildPhase;
			buildActionMask = 2147483647;
			files = (
				0922D881921AEDE40A30386EBF0B8EAD /* Assets.xcassets in Resources */,
				07B64FBEBC4354E93B4D25C0F6A48A8E /* DorianCLM-Book.ttf in Resources */,
				09F7709B9FE28DD76058ACB5BD776BEF /* DorianCLM-BookItalic.ttf in Resources */,
				F9772E86514DCB5B13F58A3E103D830C /* Interface.storyboard in Resources */,
				519D29333E0E9508BEB53235A65B9B0B /* ShmulikCLM.ttf in Resources */,
			);
			runOnlyForDeploymentPostprocessing = 0;
		};
		A626BF629A10B9AFEA62E73F62D2F5C4 /* Resources */ = {
			isa = PBXResourcesBuildPhase;
			buildActionMask = 2147483647;
			files = (
				98567C246AB6F216FFC6FCDCC6E03312 /* Assets.xcassets in Resources */,
				93BED4814B98D3E79385D13F1FF1BAD1 /* DorianCLM-Book.ttf in Resources */,
				D2075EA27F0C159F057A17BBEF26CFFD /* DorianCLM-BookItalic.ttf in Resources */,
				75783599791BB58424EC8F22D39AFAB2 /* ShmulikCLM.ttf in Resources */,
			);
			runOnlyForDeploymentPostprocessing = 0;
		};
/* End PBXResourcesBuildPhase section */

/* Begin PBXShellScriptBuildPhase section */
		1295A4B6A586F1A3BC2CF12DF6E7D713 /* 📦 Embed Pods Frameworks */ = {
			isa = PBXShellScriptBuildPhase;
			buildActionMask = 2147483647;
			files = (
			);
			inputPaths = (
			);
			name = "📦 Embed Pods Frameworks";
			outputPaths = (
			);
			runOnlyForDeploymentPostprocessing = 0;
			shellPath = /bin/sh;
			shellScript = "\"${SRCROOT}/Pods/Target Support Files/Pods-Sefirah WatchKit Extension/Pods-Sefirah WatchKit Extension-frameworks.sh\"\n";
			showEnvVarsInLog = 0;
		};
		237D2AADAD8D7E6EDFFB4D22A9BF36BD /* 📦 Check Pods Manifest.lock */ = {
			isa = PBXShellScriptBuildPhase;
			buildActionMask = 2147483647;
			files = (
			);
			inputPaths = (
			);
			name = "📦 Check Pods Manifest.lock";
			outputPaths = (
			);
			runOnlyForDeploymentPostprocessing = 0;
			shellPath = /bin/sh;
			shellScript = "diff \"${PODS_ROOT}/../Podfile.lock\" \"${PODS_ROOT}/Manifest.lock\" > /dev/null\nif [[ $? != 0 ]] ; then\n    cat << EOM\nerror: The sandbox is not in sync with the Podfile.lock. Run 'pod install' or update your CocoaPods installation.\nEOM\n    exit 1\nfi\n";
			showEnvVarsInLog = 0;
		};
		3477336F43CDB337F0188FBDD36296D2 /* 📦 Copy Pods Resources */ = {
			isa = PBXShellScriptBuildPhase;
			buildActionMask = 2147483647;
			files = (
			);
			inputPaths = (
			);
			name = "📦 Copy Pods Resources";
			outputPaths = (
			);
			runOnlyForDeploymentPostprocessing = 0;
			shellPath = /bin/sh;
			shellScript = "\"${SRCROOT}/Pods/Target Support Files/Pods-Sefirah WatchKit App/Pods-Sefirah WatchKit App-resources.sh\"\n";
			showEnvVarsInLog = 0;
		};
		3D34DDE88089DC70731E835A32BB9302 /* ShellScript */ = {
			isa = PBXShellScriptBuildPhase;
			buildActionMask = 2147483647;
			files = (
			);
			inputPaths = (
			);
			outputPaths = (
			);
			runOnlyForDeploymentPostprocessing = 0;
			shellPath = /bin/sh;
			shellScript = "mogenerator -m Sefirah/Model.xcdatamodeld -O Sefirah/Model --swift --template-var arc=true";
		};
		59585740AB322112594A398FA9AFB081 /* 📦 Check Pods Manifest.lock */ = {
			isa = PBXShellScriptBuildPhase;
			buildActionMask = 2147483647;
			files = (
			);
			inputPaths = (
			);
			name = "📦 Check Pods Manifest.lock";
			outputPaths = (
			);
			runOnlyForDeploymentPostprocessing = 0;
			shellPath = /bin/sh;
			shellScript = "diff \"${PODS_ROOT}/../Podfile.lock\" \"${PODS_ROOT}/Manifest.lock\" > /dev/null\nif [[ $? != 0 ]] ; then\n    cat << EOM\nerror: The sandbox is not in sync with the Podfile.lock. Run 'pod install' or update your CocoaPods installation.\nEOM\n    exit 1\nfi\n";
			showEnvVarsInLog = 0;
		};
		5E7C7332510FB883D90C8B94F66604BE /* 📦 Copy Pods Resources */ = {
			isa = PBXShellScriptBuildPhase;
			buildActionMask = 2147483647;
			files = (
			);
			inputPaths = (
			);
			name = "📦 Copy Pods Resources";
			outputPaths = (
			);
			runOnlyForDeploymentPostprocessing = 0;
			shellPath = /bin/sh;
			shellScript = "\"${SRCROOT}/Pods/Target Support Files/Pods-Sefirah/Pods-Sefirah-resources.sh\"\n";
			showEnvVarsInLog = 0;
		};
		B8CE17CD16C3C1A5FB1E4114A0D54ACC /* 📦 Check Pods Manifest.lock */ = {
			isa = PBXShellScriptBuildPhase;
			buildActionMask = 2147483647;
			files = (
			);
			inputPaths = (
			);
			name = "📦 Check Pods Manifest.lock";
			outputPaths = (
			);
			runOnlyForDeploymentPostprocessing = 0;
			shellPath = /bin/sh;
			shellScript = "diff \"${PODS_ROOT}/../Podfile.lock\" \"${PODS_ROOT}/Manifest.lock\" > /dev/null\nif [[ $? != 0 ]] ; then\n    cat << EOM\nerror: The sandbox is not in sync with the Podfile.lock. Run 'pod install' or update your CocoaPods installation.\nEOM\n    exit 1\nfi\n";
			showEnvVarsInLog = 0;
		};
		E78CB5FDAA5C86F3D93942910334ED8D /* 📦 Copy Pods Resources */ = {
			isa = PBXShellScriptBuildPhase;
			buildActionMask = 2147483647;
			files = (
			);
			inputPaths = (
			);
			name = "📦 Copy Pods Resources";
			outputPaths = (
			);
			runOnlyForDeploymentPostprocessing = 0;
			shellPath = /bin/sh;
			shellScript = "\"${SRCROOT}/Pods/Target Support Files/Pods-Sefirah WatchKit Extension/Pods-Sefirah WatchKit Extension-resources.sh\"\n";
			showEnvVarsInLog = 0;
		};
		EC6EDD0C26E7C14EEB18DD9863E28E6B /* 📦 Embed Pods Frameworks */ = {
			isa = PBXShellScriptBuildPhase;
			buildActionMask = 2147483647;
			files = (
			);
			inputPaths = (
			);
			name = "📦 Embed Pods Frameworks";
			outputPaths = (
			);
			runOnlyForDeploymentPostprocessing = 0;
			shellPath = /bin/sh;
			shellScript = "\"${SRCROOT}/Pods/Target Support Files/Pods-Sefirah/Pods-Sefirah-frameworks.sh\"\n";
			showEnvVarsInLog = 0;
		};
/* End PBXShellScriptBuildPhase section */

/* Begin PBXSourcesBuildPhase section */
		A35D9231924B206EAB0956CE1F73ADD8 /* Sources */ = {
			isa = PBXSourcesBuildPhase;
			buildActionMask = 2147483647;
			files = (
				0E2088A63734F804BE33CAE7C995D28E /* AppDelegate.swift in Sources */,
				6BDF6FCE3808EA5D6C6D467C7F4DDE75 /* CalendarViewController.swift in Sources */,
				E48B94100D91D74CCE2D293A99891780 /* LanguagesTableViewController.swift in Sources */,
				E337C9C345214F93A4619FF6E2BDCEA9 /* MainTabBarViewController.swift in Sources */,
				73ECC088926F477EA1FFF7B05DEBE7B9 /* MainViewController.swift in Sources */,
				5437B2D1C32A7891B8BC3D2902FFCC32 /* Model.xcdatamodeld in Sources */,
				9030EC3EC17448C8865EBBAB22412441 /* NewNotificationTableViewController.swift in Sources */,
				ABC1FEC8CF0C622AF4F312C9308454DB /* Notification.swift in Sources */,
				6C1E329F02A634E918F23BC39C09078D /* NotificationManager.swift in Sources */,
				9456E52608FA3123AEFAE8439263D4BF /* NotificationTableViewCell.swift in Sources */,
				EC6DCCCBBAD5FCF6C517163F380A7EE7 /* NotificationsTableViewController.swift in Sources */,
				D7B4852EAFCEF1F5D49295CD9E8D4470 /* NusachTableViewController.swift in Sources */,
				2EEC944E9A6BDE6DE6AE01F65EECA71C /* PrayerOptionsTableViewController.swift in Sources */,
				93EDA27A2092101BE4A15975F5CD9433 /* SefiraDay.swift in Sources */,
				CDF6B24120784D620C3195B6EEDD1A00 /* Settings.swift in Sources */,
				27F28176EF3D81769A76B2CF4190547D /* SettingsTableViewController.swift in Sources */,
				550565EE88E8B69E9B5018CFB891C080 /* TzeisNotificationTableViewCell.swift in Sources */,
				7803282BD7D780BED3A4B289DA5BB37A /* TzeisNotificationsTableViewController.swift in Sources */,
				AA458E10767DCD6335FA550FBB48AFB6 /* UIColorExtension.swift in Sources */,
				4C843CB4DC2D075CF9BEA4B027CD1E5B /* WatchSessionManager.swift in Sources */,
				B2A6E1169203361213FA748EC7B0EFF4 /* _Notification.swift in Sources */,
			);
			runOnlyForDeploymentPostprocessing = 0;
		};
		CA699061B93CFEF29444761734DDB418 /* Sources */ = {
			isa = PBXSourcesBuildPhase;
			buildActionMask = 2147483647;
			files = (
				AAA1C0C60CE9033800F2E828188F6EF5 /* ComplicationController.swift in Sources */,
				96C229E12B22B8B868CA362E68DA844B /* ExtensionDelegate.swift in Sources */,
				D2085C1A970D2753FC8B865820BF59BA /* LanguageRowController.swift in Sources */,
				5D7EDEEE51F8E0BCA25FEE9C18C5F988 /* LanguageSettingsInterfaceController.swift in Sources */,
				E5E687F51B9AFC8D08F31F8BE9E74D97 /* MainInterfaceController.swift in Sources */,
				728DD3124921641337D8D93232C2FD88 /* NotificationController.swift in Sources */,
				A01114E726B83989D599AA1E3315F420 /* PrayerOptionsInterfaceController.swift in Sources */,
				78A4EFA1E519E75833246E568C2007C2 /* PrayerOptionsRowController.swift in Sources */,
				18FFFA4A084381C7DC70ADBF3AE958AC /* SefiraDayWatch.swift in Sources */,
				B8A9BA6027927798CCFBA3C3B5A53562 /* SefirahTextInterfaceController.swift in Sources */,
				4BAAB0C8EF0BE19BBD9F07271B59C68E /* Settings.swift in Sources */,
				35C97FCE01C9F43328074FE0BD30AA22 /* TrackerInterfaceController.swift in Sources */,
				80B19DAEE782D9048C92C17901133BA2 /* UIColorExtension.swift in Sources */,
				A92D051B6D2C88B7751F432B9EBFD893 /* WatchSessionManager.swift in Sources */,
			);
			runOnlyForDeploymentPostprocessing = 0;
		};
/* End PBXSourcesBuildPhase section */

/* Begin PBXTargetDependency section */
		0B89A54FED83FE845090E81BE1C77E66 /* PBXTargetDependency */ = {
			isa = PBXTargetDependency;
			target = EFF376459A71A064ACA6705CC0F3A300 /* Sefirah WatchKit Extension */;
			targetProxy = FE4B0AC6CFBB714644DCEEE3DAC72CB1 /* PBXContainerItemProxy */;
		};
		C1C3CBCD90520EE340553B4506827F14 /* PBXTargetDependency */ = {
			isa = PBXTargetDependency;
			target = 3D1F71ABD21E82DD349B36719F7A67C6 /* Sefirah WatchKit App */;
			targetProxy = 8C0328E84BF2CCE09F575A9D150CF906 /* PBXContainerItemProxy */;
		};
/* End PBXTargetDependency section */

/* Begin PBXVariantGroup section */
		2CF3F83ADA324A14A021D29769FC6A06 /* Interface.storyboard */ = {
			isa = PBXVariantGroup;
			children = (
				60B301665038AA7130366FB0071BA064 /* Base */,
			);
			name = Interface.storyboard;
			path = .;
			sourceTree = "<group>";
		};
		3212E03C36D72BEF5557C7F700100169 /* Main.storyboard */ = {
			isa = PBXVariantGroup;
			children = (
				70022424B84AC2B5FDB82BA51D1FE62F /* Base */,
			);
			name = Main.storyboard;
			path = .;
			sourceTree = "<group>";
		};
		51AF862ED4889B315C65512A293F8F44 /* LaunchScreen.storyboard */ = {
			isa = PBXVariantGroup;
			children = (
				24767A50582A66A53D2922566DE23376 /* Base */,
			);
			name = LaunchScreen.storyboard;
			path = .;
			sourceTree = "<group>";
		};
/* End PBXVariantGroup section */

/* Begin XCBuildConfiguration section */
		2C13D14C8F51769DA2767EFC4C0AB6BF /* Release */ = {
			isa = XCBuildConfiguration;
			buildSettings = {
				ALWAYS_SEARCH_USER_PATHS = NO;
				CLANG_ANALYZER_NONNULL = YES;
				CLANG_CXX_LANGUAGE_STANDARD = "gnu++0x";
				CLANG_CXX_LIBRARY = "libc++";
				CLANG_ENABLE_MODULES = YES;
				CLANG_ENABLE_OBJC_ARC = YES;
				CLANG_WARN_BOOL_CONVERSION = YES;
				CLANG_WARN_CONSTANT_CONVERSION = YES;
				CLANG_WARN_DIRECT_OBJC_ISA_USAGE = YES_ERROR;
				CLANG_WARN_EMPTY_BODY = YES;
				CLANG_WARN_ENUM_CONVERSION = YES;
				CLANG_WARN_INT_CONVERSION = YES;
				CLANG_WARN_OBJC_ROOT_CLASS = YES_ERROR;
				CLANG_WARN_UNREACHABLE_CODE = YES;
				CLANG_WARN__DUPLICATE_METHOD_MATCH = YES;
				"CODE_SIGN_IDENTITY[sdk=iphoneos*]" = "iPhone Developer";
				COPY_PHASE_STRIP = NO;
				DEBUG_INFORMATION_FORMAT = "dwarf-with-dsym";
				ENABLE_NS_ASSERTIONS = NO;
				ENABLE_STRICT_OBJC_MSGSEND = YES;
				GCC_C_LANGUAGE_STANDARD = gnu99;
				GCC_NO_COMMON_BLOCKS = YES;
				GCC_WARN_64_TO_32_BIT_CONVERSION = YES;
				GCC_WARN_ABOUT_RETURN_TYPE = YES_ERROR;
				GCC_WARN_UNDECLARED_SELECTOR = YES;
				GCC_WARN_UNINITIALIZED_AUTOS = YES_AGGRESSIVE;
				GCC_WARN_UNUSED_FUNCTION = YES;
				GCC_WARN_UNUSED_VARIABLE = YES;
				IPHONEOS_DEPLOYMENT_TARGET = 9.3;
				MTL_ENABLE_DEBUG_INFO = NO;
				SDKROOT = iphoneos;
				TARGETED_DEVICE_FAMILY = "1,2";
				VALIDATE_PRODUCT = YES;
			};
			name = Release;
		};
		62BE253252C72EE4A88A8ACBA53B7F60 /* Release */ = {
			isa = XCBuildConfiguration;
			baseConfigurationReference = D2D408E3E59470263AE9B48AAF1F052C /* Pods-Sefirah.release.xcconfig */;
			buildSettings = {
				ASSETCATALOG_COMPILER_APPICON_NAME = AppIcon;
				CLANG_ENABLE_MODULES = YES;
				CODE_SIGN_IDENTITY = "iPhone Developer";
				"CODE_SIGN_IDENTITY[sdk=iphoneos*]" = "iPhone Developer";
				INFOPLIST_FILE = Sefirah/Info.plist;
				IPHONEOS_DEPLOYMENT_TARGET = 8.3;
				LD_RUNPATH_SEARCH_PATHS = "$(inherited) @executable_path/Frameworks";
				PRODUCT_BUNDLE_IDENTIFIER = com.jesiegel.SefiratHaomer;
				PRODUCT_NAME = "$(TARGET_NAME)";
				PROVISIONING_PROFILE = "";
				SWIFT_OBJC_BRIDGING_HEADER = "Sefirah/Sefirah-Bridging-Header.h";
				TARGETED_DEVICE_FAMILY = 1;
			};
			name = Release;
		};
		776DA91AD5F8F7954097FCF3FB004D10 /* Debug */ = {
			isa = XCBuildConfiguration;
			buildSettings = {
				PRODUCT_NAME = "$(TARGET_NAME)";
			};
			name = Debug;
		};
		8D254F0D5E180752ADB00A19FC28E2EE /* Debug */ = {
			isa = XCBuildConfiguration;
			baseConfigurationReference = 9C8030664E07C50A68F433D02A9C9EA4 /* Pods-Sefirah.debug.xcconfig */;
			buildSettings = {
				ASSETCATALOG_COMPILER_APPICON_NAME = AppIcon;
				CLANG_ENABLE_MODULES = YES;
				CODE_SIGN_IDENTITY = "iPhone Developer";
				"CODE_SIGN_IDENTITY[sdk=iphoneos*]" = "iPhone Developer";
				INFOPLIST_FILE = Sefirah/Info.plist;
				IPHONEOS_DEPLOYMENT_TARGET = 8.3;
				LD_RUNPATH_SEARCH_PATHS = "$(inherited) @executable_path/Frameworks";
				PRODUCT_BUNDLE_IDENTIFIER = com.jesiegel.SefiratHaomer;
				PRODUCT_NAME = "$(TARGET_NAME)";
				PROVISIONING_PROFILE = "";
				SWIFT_OBJC_BRIDGING_HEADER = "Sefirah/Sefirah-Bridging-Header.h";
				SWIFT_OPTIMIZATION_LEVEL = "-Onone";
				TARGETED_DEVICE_FAMILY = 1;
			};
			name = Debug;
		};
		99E1650F3185D797C733D05B48E81D57 /* Debug */ = {
			isa = XCBuildConfiguration;
			baseConfigurationReference = ED3F5844C719B218C59825B5E277EE6F /* Pods-Sefirah WatchKit App.debug.xcconfig */;
			buildSettings = {
				ASSETCATALOG_COMPILER_APPICON_NAME = AppIcon;
				CLANG_ENABLE_MODULES = YES;
				CODE_SIGN_IDENTITY = "iPhone Developer";
				EMBEDDED_CONTENT_CONTAINS_SWIFT = YES;
				IBSC_MODULE = Sefirah_WatchKit_Extension;
				INFOPLIST_FILE = "Sefirah WatchKit App/Info.plist";
				LD_RUNPATH_SEARCH_PATHS = "$(inherited) @executable_path/../Frameworks @loader_path/../Frameworks";
				PRODUCT_BUNDLE_IDENTIFIER = com.jesiegel.SefiratHaomer.watchkitapp;
				PRODUCT_NAME = "$(TARGET_NAME)";
				SDKROOT = watchos;
				SKIP_INSTALL = YES;
				SWIFT_OBJC_BRIDGING_HEADER = "Sefirah/Sefirah WatchKit App-Bridging-Header.h";
				SWIFT_OPTIMIZATION_LEVEL = "-Onone";
				TARGETED_DEVICE_FAMILY = 4;
				WATCHOS_DEPLOYMENT_TARGET = 2.2;
			};
			name = Debug;
		};
		AA2D06CC10E192B3C65D3C3B6F537DE5 /* Debug */ = {
			isa = XCBuildConfiguration;
			buildSettings = {
				ALWAYS_SEARCH_USER_PATHS = NO;
				CLANG_ANALYZER_NONNULL = YES;
				CLANG_CXX_LANGUAGE_STANDARD = "gnu++0x";
				CLANG_CXX_LIBRARY = "libc++";
				CLANG_ENABLE_MODULES = YES;
				CLANG_ENABLE_OBJC_ARC = YES;
				CLANG_WARN_BOOL_CONVERSION = YES;
				CLANG_WARN_CONSTANT_CONVERSION = YES;
				CLANG_WARN_DIRECT_OBJC_ISA_USAGE = YES_ERROR;
				CLANG_WARN_EMPTY_BODY = YES;
				CLANG_WARN_ENUM_CONVERSION = YES;
				CLANG_WARN_INT_CONVERSION = YES;
				CLANG_WARN_OBJC_ROOT_CLASS = YES_ERROR;
				CLANG_WARN_UNREACHABLE_CODE = YES;
				CLANG_WARN__DUPLICATE_METHOD_MATCH = YES;
				"CODE_SIGN_IDENTITY[sdk=iphoneos*]" = "iPhone Developer";
				COPY_PHASE_STRIP = NO;
				DEBUG_INFORMATION_FORMAT = dwarf;
				ENABLE_STRICT_OBJC_MSGSEND = YES;
				ENABLE_TESTABILITY = YES;
				GCC_C_LANGUAGE_STANDARD = gnu99;
				GCC_DYNAMIC_NO_PIC = NO;
				GCC_NO_COMMON_BLOCKS = YES;
				GCC_OPTIMIZATION_LEVEL = 0;
				GCC_PREPROCESSOR_DEFINITIONS = (
					"DEBUG=1",
					"$(inherited)",
				);
				GCC_WARN_64_TO_32_BIT_CONVERSION = YES;
				GCC_WARN_ABOUT_RETURN_TYPE = YES_ERROR;
				GCC_WARN_UNDECLARED_SELECTOR = YES;
				GCC_WARN_UNINITIALIZED_AUTOS = YES_AGGRESSIVE;
				GCC_WARN_UNUSED_FUNCTION = YES;
				GCC_WARN_UNUSED_VARIABLE = YES;
				IPHONEOS_DEPLOYMENT_TARGET = 9.3;
				MTL_ENABLE_DEBUG_INFO = YES;
				ONLY_ACTIVE_ARCH = YES;
				SDKROOT = iphoneos;
				SWIFT_OPTIMIZATION_LEVEL = "-Onone";
				TARGETED_DEVICE_FAMILY = "1,2";
			};
			name = Debug;
		};
		AD6B25ABF8BBDB7C79103BAFE6D90C67 /* Release */ = {
			isa = XCBuildConfiguration;
			baseConfigurationReference = 912567255AB53C0AD9DFC106CAE17F9A /* Pods-Sefirah WatchKit Extension.release.xcconfig */;
			buildSettings = {
				ASSETCATALOG_COMPILER_COMPLICATION_NAME = Complication;
				CODE_SIGN_IDENTITY = "iPhone Developer";
				"CODE_SIGN_IDENTITY[sdk=watchos*]" = "iPhone Developer";
				INFOPLIST_FILE = "Sefirah WatchKit Extension/Info.plist";
				LD_RUNPATH_SEARCH_PATHS = "$(inherited) @executable_path/Frameworks @executable_path/../../Frameworks";
				PRODUCT_BUNDLE_IDENTIFIER = com.jesiegel.SefiratHaomer.watchkitapp.watchkitextension;
				PRODUCT_NAME = "${TARGET_NAME}";
				PROVISIONING_PROFILE = "";
				SDKROOT = watchos;
				SKIP_INSTALL = YES;
				TARGETED_DEVICE_FAMILY = 4;
				WATCHOS_DEPLOYMENT_TARGET = 2.2;
			};
			name = Release;
		};
		B3F68F99DD3D198A1B8743341B83F957 /* Debug */ = {
			isa = XCBuildConfiguration;
			baseConfigurationReference = 0A3AA44D019C9664F86BF385A19101C4 /* Pods-Sefirah WatchKit Extension.debug.xcconfig */;
			buildSettings = {
				ASSETCATALOG_COMPILER_COMPLICATION_NAME = Complication;
				CODE_SIGN_IDENTITY = "iPhone Developer";
				"CODE_SIGN_IDENTITY[sdk=watchos*]" = "iPhone Developer";
				INFOPLIST_FILE = "Sefirah WatchKit Extension/Info.plist";
				LD_RUNPATH_SEARCH_PATHS = "$(inherited) @executable_path/Frameworks @executable_path/../../Frameworks";
				PRODUCT_BUNDLE_IDENTIFIER = com.jesiegel.SefiratHaomer.watchkitapp.watchkitextension;
				PRODUCT_NAME = "${TARGET_NAME}";
				PROVISIONING_PROFILE = "";
				SDKROOT = watchos;
				SKIP_INSTALL = YES;
				TARGETED_DEVICE_FAMILY = 4;
				WATCHOS_DEPLOYMENT_TARGET = 2.2;
			};
			name = Debug;
		};
		E7B6CF65F4FF45B1AC60FDEB5A6E403E /* Release */ = {
			isa = XCBuildConfiguration;
			baseConfigurationReference = E00FEB6E4636DD4FBD7C6CC95BE551E5 /* Pods-Sefirah WatchKit App.release.xcconfig */;
			buildSettings = {
				ASSETCATALOG_COMPILER_APPICON_NAME = AppIcon;
				CLANG_ENABLE_MODULES = YES;
				CODE_SIGN_IDENTITY = "iPhone Developer";
				EMBEDDED_CONTENT_CONTAINS_SWIFT = YES;
				IBSC_MODULE = Sefirah_WatchKit_Extension;
				INFOPLIST_FILE = "Sefirah WatchKit App/Info.plist";
				LD_RUNPATH_SEARCH_PATHS = "$(inherited) @executable_path/../Frameworks @loader_path/../Frameworks";
				PRODUCT_BUNDLE_IDENTIFIER = com.jesiegel.SefiratHaomer.watchkitapp;
				PRODUCT_NAME = "$(TARGET_NAME)";
				SDKROOT = watchos;
				SKIP_INSTALL = YES;
				SWIFT_OBJC_BRIDGING_HEADER = "Sefirah/Sefirah WatchKit App-Bridging-Header.h";
				TARGETED_DEVICE_FAMILY = 4;
				WATCHOS_DEPLOYMENT_TARGET = 2.2;
			};
			name = Release;
		};
		F2640ED8EA4D65CA0A07A583229D8C84 /* Release */ = {
			isa = XCBuildConfiguration;
			buildSettings = {
				PRODUCT_NAME = "$(TARGET_NAME)";
			};
			name = Release;
		};
/* End XCBuildConfiguration section */

/* Begin XCConfigurationList section */
		16C658153715319F15256ACC2CB27304 /* Build configuration list for PBXAggregateTarget "Mogenerator" */ = {
			isa = XCConfigurationList;
			buildConfigurations = (
				776DA91AD5F8F7954097FCF3FB004D10 /* Debug */,
				F2640ED8EA4D65CA0A07A583229D8C84 /* Release */,
			);
			defaultConfigurationIsVisible = 0;
			defaultConfigurationName = Release;
		};
		1A7F3BB4933FA6BE947FBE96F3973524 /* Build configuration list for PBXNativeTarget "Sefirah WatchKit App" */ = {
			isa = XCConfigurationList;
			buildConfigurations = (
				99E1650F3185D797C733D05B48E81D57 /* Debug */,
				E7B6CF65F4FF45B1AC60FDEB5A6E403E /* Release */,
			);
			defaultConfigurationIsVisible = 0;
			defaultConfigurationName = Release;
		};
		1E6B41FFF927CFA30636FCE97F2B76E7 /* Build configuration list for PBXProject "Sefirah" */ = {
			isa = XCConfigurationList;
			buildConfigurations = (
				AA2D06CC10E192B3C65D3C3B6F537DE5 /* Debug */,
				2C13D14C8F51769DA2767EFC4C0AB6BF /* Release */,
			);
			defaultConfigurationIsVisible = 0;
			defaultConfigurationName = Release;
		};
		3A5AC13ED55CD9F6FCA784CFD74E2F3C /* Build configuration list for PBXNativeTarget "Sefirah WatchKit Extension" */ = {
			isa = XCConfigurationList;
			buildConfigurations = (
				B3F68F99DD3D198A1B8743341B83F957 /* Debug */,
				AD6B25ABF8BBDB7C79103BAFE6D90C67 /* Release */,
			);
			defaultConfigurationIsVisible = 0;
			defaultConfigurationName = Release;
		};
		47314BE852AC0ED3C79CBE424BDD0BB4 /* Build configuration list for PBXNativeTarget "Sefirah" */ = {
			isa = XCConfigurationList;
			buildConfigurations = (
				8D254F0D5E180752ADB00A19FC28E2EE /* Debug */,
				62BE253252C72EE4A88A8ACBA53B7F60 /* Release */,
			);
			defaultConfigurationIsVisible = 0;
			defaultConfigurationName = Release;
		};
/* End XCConfigurationList section */

/* Begin XCVersionGroup section */
		A8705ECE112416693757F2A9E5E80AFB /* Model.xcdatamodeld */ = {
			isa = XCVersionGroup;
			children = (
				52A2C8668E329F8F23A2994ACF69796A /* Model.xcdatamodel */,
				1B15CE34F7797AFD0E834D9683EB3A7E /* v1.0.xcdatamodel */,
			);
			currentVersion = 1B15CE34F7797AFD0E834D9683EB3A7E /* v1.0.xcdatamodel */;
			path = Model.xcdatamodeld;
			sourceTree = "<group>";
			versionGroupType = wrapper.xcdatamodel;
		};
/* End XCVersionGroup section */
	};
	rootObject = 08FC9073FA1469575A8DB91DF63EB4E2 /* Project object */;
}
